
Microsoft Visual Studio Solution File, Format Version 11.00
# Visual Studio 2010
# SharpDevelop 5.1
Project("{FAE04EC0-301F-11D3-BF4B-00C04F79EFBC}") = "Patrones", "Patrones\Patrones.csproj", "{08750525-991D-45A7-91D6-073ACD1E92D1}"
EndProject
Global
	GlobalSection(SolutionConfigurationPlatforms) = preSolution
		Debug|Any CPU = Debug|Any CPU
		Release|Any CPU = Release|Any CPU
	EndGlobalSection
	GlobalSection(ProjectConfigurationPlatforms) = postSolution
		{08750525-991D-45A7-91D6-073ACD1E92D1}.Debug|Any CPU.ActiveCfg = Debug|Any CPU
		{08750525-991D-45A7-91D6-073ACD1E92D1}.Debug|Any CPU.Build.0 = Debug|Any CPU
		{08750525-991D-45A7-91D6-073ACD1E92D1}.Release|Any CPU.ActiveCfg = Release|Any CPU
		{08750525-991D-45A7-91D6-073ACD1E92D1}.Release|Any CPU.Build.0 = Release|Any CPU
	EndGlobalSection
EndGlobal
